
Microsoft Visual Studio Solution File, Format Version 12.00
# Visual Studio Version 16
VisualStudioVersion = 16.0.32126.315
MinimumVisualStudioVersion = 10.0.40219.1
Project("{8BC9CEB8-8B4A-11D0-8D11-00A0C91BC942}") = "Core", "Core\Core.vcxproj", "{33B01895-38A6-4E85-8677-C212C8436B2B}"
EndProject
Project("{FAE04EC0-301F-11D3-BF4B-00C04F79EFBC}") = "TestUI", "TestUI\TestUI.csproj", "{15EA6C9F-D8F4-4899-BD90-FE4379EAAAE3}"
EndProject
Project("{FAE04EC0-301F-11D3-BF4B-00C04F79EFBC}") = "Analyze", "Analyze\Analyze.csproj", "{5E8069EF-8F67-4F98-B01F-8B4672D146A8}"
EndProject
Global
	GlobalSection(SolutionConfigurationPlatforms) = preSolution
		Debug|Any CPU = Debug|Any CPU
		Debug|x64 = Debug|x64
		Debug|x86 = Debug|x86
		Release|Any CPU = Release|Any CPU
		Release|x64 = Release|x64
		Release|x86 = Release|x86
	EndGlobalSection
	GlobalSection(ProjectConfigurationPlatforms) = postSolution
		{33B01895-38A6-4E85-8677-C212C8436B2B}.Debug|Any CPU.ActiveCfg = Debug|Win32
		{33B01895-38A6-4E85-8677-C212C8436B2B}.Debug|x64.ActiveCfg = Debug|x64
		{33B01895-38A6-4E85-8677-C212C8436B2B}.Debug|x64.Build.0 = Debug|x64
		{33B01895-38A6-4E85-8677-C212C8436B2B}.Debug|x86.ActiveCfg = Debug|Win32
		{33B01895-38A6-4E85-8677-C212C8436B2B}.Debug|x86.Build.0 = Debug|Win32
		{33B01895-38A6-4E85-8677-C212C8436B2B}.Release|Any CPU.ActiveCfg = Release|Win32
		{33B01895-38A6-4E85-8677-C212C8436B2B}.Release|x64.ActiveCfg = Release|x64
		{33B01895-38A6-4E85-8677-C212C8436B2B}.Release|x64.Build.0 = Release|x64
		{33B01895-38A6-4E85-8677-C212C8436B2B}.Release|x86.ActiveCfg = Release|Win32
		{33B01895-38A6-4E85-8677-C212C8436B2B}.Release|x86.Build.0 = Release|Win32
		{15EA6C9F-D8F4-4899-BD90-FE4379EAAAE3}.Debug|Any CPU.ActiveCfg = Debug|Any CPU
		{15EA6C9F-D8F4-4899-BD90-FE4379EAAAE3}.Debug|Any CPU.Build.0 = Debug|Any CPU
		{15EA6C9F-D8F4-4899-BD90-FE4379EAAAE3}.Debug|x64.ActiveCfg = Debug|Any CPU
		{15EA6C9F-D8F4-4899-BD90-FE4379EAAAE3}.Debug|x64.Build.0 = Debug|Any CPU
		{15EA6C9F-D8F4-4899-BD90-FE4379EAAAE3}.Debug|x86.ActiveCfg = Debug|Any CPU
		{15EA6C9F-D8F4-4899-BD90-FE4379EAAAE3}.Debug|x86.Build.0 = Debug|Any CPU
		{15EA6C9F-D8F4-4899-BD90-FE4379EAAAE3}.Release|Any CPU.ActiveCfg = Release|Any CPU
		{15EA6C9F-D8F4-4899-BD90-FE4379EAAAE3}.Release|Any CPU.Build.0 = Release|Any CPU
		{15EA6C9F-D8F4-4899-BD90-FE4379EAAAE3}.Release|x64.ActiveCfg = Release|Any CPU
		{15EA6C9F-D8F4-4899-BD90-FE4379EAAAE3}.Release|x64.Build.0 = Release|Any CPU
		{15EA6C9F-D8F4-4899-BD90-FE4379EAAAE3}.Release|x86.ActiveCfg = Release|Any CPU
		{15EA6C9F-D8F4-4899-BD90-FE4379EAAAE3}.Release|x86.Build.0 = Release|Any CPU
		{5E8069EF-8F67-4F98-B01F-8B4672D146A8}.Debug|Any CPU.ActiveCfg = Debug|Any CPU
		{5E8069EF-8F67-4F98-B01F-8B4672D146A8}.Debug|Any CPU.Build.0 = Debug|Any CPU
		{5E8069EF-8F67-4F98-B01F-8B4672D146A8}.Debug|x64.ActiveCfg = Debug|Any CPU
		{5E8069EF-8F67-4F98-B01F-8B4672D146A8}.Debug|x64.Build.0 = Debug|Any CPU
		{5E8069EF-8F67-4F98-B01F-8B4672D146A8}.Debug|x86.ActiveCfg = Debug|Any CPU
		{5E8069EF-8F67-4F98-B01F-8B4672D146A8}.Debug|x86.Build.0 = Debug|Any CPU
		{5E8069EF-8F67-4F98-B01F-8B4672D146A8}.Release|Any CPU.ActiveCfg = Release|Any CPU
		{5E8069EF-8F67-4F98-B01F-8B4672D146A8}.Release|Any CPU.Build.0 = Release|Any CPU
		{5E8069EF-8F67-4F98-B01F-8B4672D146A8}.Release|x64.ActiveCfg = Release|Any CPU
		{5E8069EF-8F67-4F98-B01F-8B4672D146A8}.Release|x64.Build.0 = Release|Any CPU
		{5E8069EF-8F67-4F98-B01F-8B4672D146A8}.Release|x86.ActiveCfg = Release|Any CPU
		{5E8069EF-8F67-4F98-B01F-8B4672D146A8}.Release|x86.Build.0 = Release|Any CPU
	EndGlobalSection
	GlobalSection(SolutionProperties) = preSolution
		HideSolutionNode = FALSE
	EndGlobalSection
	GlobalSection(ExtensibilityGlobals) = postSolution
		SolutionGuid = {FDBE22BD-694B-4B13-ABE6-28980F82EF21}
	EndGlobalSection
EndGlobal
